{
  "name": "mini-program",
  "version": "1.0.0",
  "lockfileVersion": 1,
  "requires": true,
  "dependencies": {
    "@vant/weapp": {
      "version": "1.10.0",
      "resolved": "https://registry.npmmirror.com/@vant/weapp/download/@vant/weapp-1.10.0.tgz",
      "integrity": "sha512-cNW2U98GlYwh8t4loEASyvukITlPohJM9HkAF8/dRSJrKm2689nqE8eeASFkWADdhqayGvy08cWoJhqMNh6ZXA=="
    },
    "lin-ui": {
      "version": "0.9.7",
      "resolved": "https://registry.npmmirror.com/lin-ui/download/lin-ui-0.9.7.tgz",
      "integrity": "sha512-BUlPANwBOQ/Zfn5WNd1PCUIro6cRMOYzB6agDAwS+QC+96Rv7SplS9erwzsm0+rhlvnoHnwrSY1pOOpIQXvvog=="
    },
    "qweather-icons": {
      "version": "1.1.0",
      "resolved": "https://registry.npmmirror.com/qweather-icons/download/qweather-icons-1.1.0.tgz",
      "integrity": "sha512-8AqL5oKLlCGxqHLZBusB6mHiRJxOxSpv7lnLWQmVjGSEITVP6gv56y/TFRnNNqo9nz1d0UaZvDSsP7W3o5Encw=="
    }
  }
}
